
Microsoft Visual Studio Solution File, Format Version 12.00
# Visual Studio Version 17
VisualStudioVersion = 17.4.33213.308
MinimumVisualStudioVersion = 10.0.40219.1
Project("{9A19103F-16F7-4668-BE54-9A1E7A4F7556}") = "RegistrationByAttributes", "RegistrationByAttributes\RegistrationByAttributes.csproj", "{65B838EC-E6FA-41FB-9155-CEE45C6207B7}"
EndProject
Project("{FAE04EC0-301F-11D3-BF4B-00C04F79EFBC}") = "Tests", "Tests\Tests.csproj", "{A4E475CD-0123-4453-8D48-ADA8B9E4A0D1}"
EndProject
Global
	GlobalSection(SolutionConfigurationPlatforms) = preSolution
		Debug|Any CPU = Debug|Any CPU
		Release|Any CPU = Release|Any CPU
	EndGlobalSection
	GlobalSection(ProjectConfigurationPlatforms) = postSolution
		{65B838EC-E6FA-41FB-9155-CEE45C6207B7}.Debug|Any CPU.ActiveCfg = Debug|Any CPU
		{65B838EC-E6FA-41FB-9155-CEE45C6207B7}.Debug|Any CPU.Build.0 = Debug|Any CPU
		{65B838EC-E6FA-41FB-9155-CEE45C6207B7}.Release|Any CPU.ActiveCfg = Release|Any CPU
		{65B838EC-E6FA-41FB-9155-CEE45C6207B7}.Release|Any CPU.Build.0 = Release|Any CPU
		{A4E475CD-0123-4453-8D48-ADA8B9E4A0D1}.Debug|Any CPU.ActiveCfg = Debug|Any CPU
		{A4E475CD-0123-4453-8D48-ADA8B9E4A0D1}.Debug|Any CPU.Build.0 = Debug|Any CPU
		{A4E475CD-0123-4453-8D48-ADA8B9E4A0D1}.Release|Any CPU.ActiveCfg = Release|Any CPU
		{A4E475CD-0123-4453-8D48-ADA8B9E4A0D1}.Release|Any CPU.Build.0 = Release|Any CPU
	EndGlobalSection
	GlobalSection(SolutionProperties) = preSolution
		HideSolutionNode = FALSE
	EndGlobalSection
	GlobalSection(ExtensibilityGlobals) = postSolution
		SolutionGuid = {754117EB-9034-4960-9263-2790277D07A8}
	EndGlobalSection
EndGlobal
